// !$*UTF8*$!
{
	archiveVersion = 1;
	classes = {
	};
	objectVersion = 46;
	objects = {

/* Begin PBXBuildFile section */
		F081FA821BA4A8B9009BC3C4 /* main.m in Sources */ = {isa = PBXBuildFile; fileRef = F081FA811BA4A8B9009BC3C4 /* main.m */; };
		F081FA851BA4A8B9009BC3C4 /* AppDelegate.m in Sources */ = {isa = PBXBuildFile; fileRef = F081FA841BA4A8B9009BC3C4 /* AppDelegate.m */; };
		F081FA881BA4A8B9009BC3C4 /* ViewController.m in Sources */ = {isa = PBXBuildFile; fileRef = F081FA871BA4A8B9009BC3C4 /* ViewController.m */; };
		F081FA8B1BA4A8B9009BC3C4 /* Main.storyboard in Resources */ = {isa = PBXBuildFile; fileRef = F081FA891BA4A8B9009BC3C4 /* Main.storyboard */; };
		F081FA8D1BA4A8B9009BC3C4 /* Images.xcassets in Resources */ = {isa = PBXBuildFile; fileRef = F081FA8C1BA4A8B9009BC3C4 /* Images.xcassets */; };
		F081FA901BA4A8B9009BC3C4 /* LaunchScreen.xib in Resources */ = {isa = PBXBuildFile; fileRef = F081FA8E1BA4A8B9009BC3C4 /* LaunchScreen.xib */; };
		F081FA9C1BA4A8B9009BC3C4 /* ExampleTests.m in Sources */ = {isa = PBXBuildFile; fileRef = F081FA9B1BA4A8B9009BC3C4 /* ExampleTests.m */; };
		F081FAA71BA4A8EE009BC3C4 /* BLLoader.m in Sources */ = {isa = PBXBuildFile; fileRef = F081FAA61BA4A8EE009BC3C4 /* BLLoader.m */; };
/* End PBXBuildFile section */

/* Begin PBXContainerItemProxy section */
		F081FA961BA4A8B9009BC3C4 /* PBXContainerItemProxy */ = {
			isa = PBXContainerItemProxy;
			containerPortal = F081FA741BA4A8B9009BC3C4 /* Project object */;
			proxyType = 1;
			remoteGlobalIDString = F081FA7B1BA4A8B9009BC3C4;
			remoteInfo = Example;
		};
/* End PBXContainerItemProxy section */

/* Begin PBXFileReference section */
		F081FA7C1BA4A8B9009BC3C4 /* Example.app */ = {isa = PBXFileReference; explicitFileType = wrapper.application; includeInIndex = 0; path = Example.app; sourceTree = BUILT_PRODUCTS_DIR; };
		F081FA801BA4A8B9009BC3C4 /* Info.plist */ = {isa = PBXFileReference; lastKnownFileType = text.plist.xml; path = Info.plist; sourceTree = "<group>"; };
		F081FA811BA4A8B9009BC3C4 /* main.m */ = {isa = PBXFileReference; lastKnownFileType = sourcecode.c.objc; path = main.m; sourceTree = "<group>"; };
		F081FA831BA4A8B9009BC3C4 /* AppDelegate.h */ = {isa = PBXFileReference; lastKnownFileType = sourcecode.c.h; path = AppDelegate.h; sourceTree = "<group>"; };
		F081FA841BA4A8B9009BC3C4 /* AppDelegate.m */ = {isa = PBXFileReference; lastKnownFileType = sourcecode.c.objc; path = AppDelegate.m; sourceTree = "<group>"; };
		F081FA861BA4A8B9009BC3C4 /* ViewController.h */ = {isa = PBXFileReference; lastKnownFileType = sourcecode.c.h; path = ViewController.h; sourceTree = "<group>"; };
		F081FA871BA4A8B9009BC3C4 /* ViewController.m */ = {isa = PBXFileReference; lastKnownFileType = sourcecode.c.objc; path = ViewController.m; sourceTree = "<group>"; };
		F081FA8A1BA4A8B9009BC3C4 /* Base */ = {isa = PBXFileReference; lastKnownFileType = file.storyboard; name = Base; path = Base.lproj/Main.storyboard; sourceTree = "<group>"; };
		F081FA8C1BA4A8B9009BC3C4 /* Images.xcassets */ = {isa = PBXFileReference; lastKnownFileType = folder.assetcatalog; path = Images.xcassets; sourceTree = "<group>"; };
		F081FA8F1BA4A8B9009BC3C4 /* Base */ = {isa = PBXFileReference; lastKnownFileType = file.xib; name = Base; path = Base.lproj/LaunchScreen.xib; sourceTree = "<group>"; };
		F081FA951BA4A8B9009BC3C4 /* ExampleTests.xctest */ = {isa = PBXFileReference; explicitFileType = wrapper.cfbundle; includeInIndex = 0; path = ExampleTests.xctest; sourceTree = BUILT_PRODUCTS_DIR; };
		F081FA9A1BA4A8B9009BC3C4 /* Info.plist */ = {isa = PBXFileReference; lastKnownFileType = text.plist.xml; path = Info.plist; sourceTree = "<group>"; };
		F081FA9B1BA4A8B9009BC3C4 /* ExampleTests.m */ = {isa = PBXFileReference; lastKnownFileType = sourcecode.c.objc; path = ExampleTests.m; sourceTree = "<group>"; };
		F081FAA51BA4A8EE009BC3C4 /* BLLoader.h */ = {isa = PBXFileReference; fileEncoding = 4; lastKnownFileType = sourcecode.c.h; path = BLLoader.h; sourceTree = "<group>"; };
		F081FAA61BA4A8EE009BC3C4 /* BLLoader.m */ = {isa = PBXFileReference; fileEncoding = 4; lastKnownFileType = sourcecode.c.objc; path = BLLoader.m; sourceTree = "<group>"; };
/* End PBXFileReference section */

/* Begin PBXFrameworksBuildPhase section */
		F081FA791BA4A8B9009BC3C4 /* Frameworks */ = {
			isa = PBXFrameworksBuildPhase;
			buildActionMask = 2147483647;
			files = (
			);
			runOnlyForDeploymentPostprocessing = 0;
		};
		F081FA921BA4A8B9009BC3C4 /* Frameworks */ = {
			isa = PBXFrameworksBuildPhase;
			buildActionMask = 2147483647;
			files = (
			);
			runOnlyForDeploymentPostprocessing = 0;
		};
/* End PBXFrameworksBuildPhase section */

/* Begin PBXGroup section */
		F081FA731BA4A8B9009BC3C4 = {
			isa = PBXGroup;
			children = (
				F081FA7E1BA4A8B9009BC3C4 /* Example */,
				F081FA981BA4A8B9009BC3C4 /* ExampleTests */,
				F081FA7D1BA4A8B9009BC3C4 /* Products */,
			);
			sourceTree = "<group>";
		};
		F081FA7D1BA4A8B9009BC3C4 /* Products */ = {
			isa = PBXGroup;
			children = (
				F081FA7C1BA4A8B9009BC3C4 /* Example.app */,
				F081FA951BA4A8B9009BC3C4 /* ExampleTests.xctest */,
			);
			name = Products;
			sourceTree = "<group>";
		};
		F081FA7E1BA4A8B9009BC3C4 /* Example */ = {
			isa = PBXGroup;
			children = (
				F081FA831BA4A8B9009BC3C4 /* AppDelegate.h */,
				F081FA841BA4A8B9009BC3C4 /* AppDelegate.m */,
				F081FA861BA4A8B9009BC3C4 /* ViewController.h */,
				F081FA871BA4A8B9009BC3C4 /* ViewController.m */,
				F081FA891BA4A8B9009BC3C4 /* Main.storyboard */,
				F081FA8C1BA4A8B9009BC3C4 /* Images.xcassets */,
				F081FA8E1BA4A8B9009BC3C4 /* LaunchScreen.xib */,
				F081FA7F1BA4A8B9009BC3C4 /* Supporting Files */,
				F081FAA51BA4A8EE009BC3C4 /* BLLoader.h */,
				F081FAA61BA4A8EE009BC3C4 /* BLLoader.m */,
			);
			path = Example;
			sourceTree = "<group>";
		};
		F081FA7F1BA4A8B9009BC3C4 /* Supporting Files */ = {
			isa = PBXGroup;
			children = (
				F081FA801BA4A8B9009BC3C4 /* Info.plist */,
				F081FA811BA4A8B9009BC3C4 /* main.m */,
			);
			name = "Supporting Files";
			sourceTree = "<group>";
		};
		F081FA981BA4A8B9009BC3C4 /* ExampleTests */ = {
			isa = PBXGroup;
			children = (
				F081FA9B1BA4A8B9009BC3C4 /* ExampleTests.m */,
				F081FA991BA4A8B9009BC3C4 /* Supporting Files */,
			);
			path = ExampleTests;
			sourceTree = "<group>";
		};
		F081FA991BA4A8B9009BC3C4 /* Supporting Files */ = {
			isa = PBXGroup;
			children = (
				F081FA9A1BA4A8B9009BC3C4 /* Info.plist */,
			);
			name = "Supporting Files";
			sourceTree = "<group>";
		};
/* End PBXGroup section */

/* Begin PBXNativeTarget section */
		F081FA7B1BA4A8B9009BC3C4 /* Example */ = {
			isa = PBXNativeTarget;
			buildConfigurationList = F081FA9F1BA4A8B9009BC3C4 /* Build configuration list for PBXNativeTarget "Example" */;
			buildPhases = (
				F081FA781BA4A8B9009BC3C4 /* Sources */,
				F081FA791BA4A8B9009BC3C4 /* Frameworks */,
				F081FA7A1BA4A8B9009BC3C4 /* Resources */,
			);
			buildRules = (
			);
			dependencies = (
			);
			name = Example;
			productName = Example;
			productReference = F081FA7C1BA4A8B9009BC3C4 /* Example.app */;
			productType = "com.apple.product-type.application";
		};
		F081FA941BA4A8B9009BC3C4 /* ExampleTests */ = {
			isa = PBXNativeTarget;
			buildConfigurationList = F081FAA21BA4A8B9009BC3C4 /* Build configuration list for PBXNativeTarget "ExampleTests" */;
			buildPhases = (
				F081FA911BA4A8B9009BC3C4 /* Sources */,
				F081FA921BA4A8B9009BC3C4 /* Frameworks */,
				F081FA931BA4A8B9009BC3C4 /* Resources */,
			);
			buildRules = (
			);
			dependencies = (
				F081FA971BA4A8B9009BC3C4 /* PBXTargetDependency */,
			);
			name = ExampleTests;
			productName = ExampleTests;
			productReference = F081FA951BA4A8B9009BC3C4 /* ExampleTests.xctest */;
			productType = "com.apple.product-type.bundle.unit-test";
		};
/* End PBXNativeTarget section */

/* Begin PBXProject section */
		F081FA741BA4A8B9009BC3C4 /* Project object */ = {
			isa = PBXProject;
			attributes = {
				LastUpgradeCheck = 0630;
				ORGANIZATIONNAME = "Babulal Poonia";
				TargetAttributes = {
					F081FA7B1BA4A8B9009BC3C4 = {
						CreatedOnToolsVersion = 6.3;
					};
					F081FA941BA4A8B9009BC3C4 = {
						CreatedOnToolsVersion = 6.3;
						TestTargetID = F081FA7B1BA4A8B9009BC3C4;
					};
				};
			};
			buildConfigurationList = F081FA771BA4A8B9009BC3C4 /* Build configuration list for PBXProject "Example" */;
			compatibilityVersion = "Xcode 3.2";
			developmentRegion = English;
			hasScannedForEncodings = 0;
			knownRegions = (
				en,
				Base,
			);
			mainGroup = F081FA731BA4A8B9009BC3C4;
			productRefGroup = F081FA7D1BA4A8B9009BC3C4 /* Products */;
			projectDirPath = "";
			projectRoot = "";
			targets = (
				F081FA7B1BA4A8B9009BC3C4 /* Example */,
				F081FA941BA4A8B9009BC3C4 /* ExampleTests */,
			);
		};
/* End PBXProject section */

/* Begin PBXResourcesBuildPhase section */
		F081FA7A1BA4A8B9009BC3C4 /* Resources */ = {
			isa = PBXResourcesBuildPhase;
			buildActionMask = 2147483647;
			files = (
				F081FA8B1BA4A8B9009BC3C4 /* Main.storyboard in Resources */,
				F081FA901BA4A8B9009BC3C4 /* LaunchScreen.xib in Resources */,
				F081FA8D1BA4A8B9009BC3C4 /* Images.xcassets in Resources */,
			);
			runOnlyForDeploymentPostprocessing = 0;
		};
		F081FA931BA4A8B9009BC3C4 /* Resources */ = {
			isa = PBXResourcesBuildPhase;
			buildActionMask = 2147483647;
			files = (
			);
			runOnlyForDeploymentPostprocessing = 0;
		};
/* End PBXResourcesBuildPhase section */

/* Begin PBXSourcesBuildPhase section */
		F081FA781BA4A8B9009BC3C4 /* Sources */ = {
			isa = PBXSourcesBuildPhase;
			buildActionMask = 2147483647;
			files = (
				F081FA881BA4A8B9009BC3C4 /* ViewController.m in Sources */,
				F081FA851BA4A8B9009BC3C4 /* AppDelegate.m in Sources */,
				F081FAA71BA4A8EE009BC3C4 /* BLLoader.m in Sources */,
				F081FA821BA4A8B9009BC3C4 /* main.m in Sources */,
			);
			runOnlyForDeploymentPostprocessing = 0;
		};
		F081FA911BA4A8B9009BC3C4 /* Sources */ = {
			isa = PBXSourcesBuildPhase;
			buildActionMask = 2147483647;
			files = (
				F081FA9C1BA4A8B9009BC3C4 /* ExampleTests.m in Sources */,
			);
			runOnlyForDeploymentPostprocessing = 0;
		};
/* End PBXSourcesBuildPhase section */

/* Begin PBXTargetDependency section */
		F081FA971BA4A8B9009BC3C4 /* PBXTargetDependency */ = {
			isa = PBXTargetDependency;
			target = F081FA7B1BA4A8B9009BC3C4 /* Example */;
			targetProxy = F081FA961BA4A8B9009BC3C4 /* PBXContainerItemProxy */;
		};
/* End PBXTargetDependency section */

/* Begin PBXVariantGroup section */
		F081FA891BA4A8B9009BC3C4 /* Main.storyboard */ = {
			isa = PBXVariantGroup;
			children = (
				F081FA8A1BA4A8B9009BC3C4 /* Base */,
			);
			name = Main.storyboard;
			sourceTree = "<group>";
		};
		F081FA8E1BA4A8B9009BC3C4 /* LaunchScreen.xib */ = {
			isa = PBXVariantGroup;
			children = (
				F081FA8F1BA4A8B9009BC3C4 /* Base */,
			);
			name = LaunchScreen.xib;
			sourceTree = "<group>";
		};
/* End PBXVariantGroup section */

/* Begin XCBuildConfiguration section */
		F081FA9D1BA4A8B9009BC3C4 /* Debug */ = {
			isa = XCBuildConfiguration;
			buildSettings = {
				ALWAYS_SEARCH_USER_PATHS = NO;
				CLANG_CXX_LANGUAGE_STANDARD = "gnu++0x";
				CLANG_CXX_LIBRARY = "libc++";
				CLANG_ENABLE_MODULES = YES;
				CLANG_ENABLE_OBJC_ARC = YES;
				CLANG_WARN_BOOL_CONVERSION = YES;
				CLANG_WARN_CONSTANT_CONVERSION = YES;
				CLANG_WARN_DIRECT_OBJC_ISA_USAGE = YES_ERROR;
				CLANG_WARN_EMPTY_BODY = YES;
				CLANG_WARN_ENUM_CONVERSION = YES;
				CLANG_WARN_INT_CONVERSION = YES;
				CLANG_WARN_OBJC_ROOT_CLASS = YES_ERROR;
				CLANG_WARN_UNREACHABLE_CODE = YES;
				CLANG_WARN__DUPLICATE_METHOD_MATCH = YES;
				"CODE_SIGN_IDENTITY[sdk=iphoneos*]" = "iPhone Developer";
				COPY_PHASE_STRIP = NO;
				DEBUG_INFORMATION_FORMAT = "dwarf-with-dsym";
				ENABLE_STRICT_OBJC_MSGSEND = YES;
				GCC_C_LANGUAGE_STANDARD = gnu99;
				GCC_DYNAMIC_NO_PIC = NO;
				GCC_NO_COMMON_BLOCKS = YES;
				GCC_OPTIMIZATION_LEVEL = 0;
				GCC_PREPROCESSOR_DEFINITIONS = (
					"DEBUG=1",
					"$(inherited)",
				);
				GCC_SYMBOLS_PRIVATE_EXTERN = NO;
				GCC_WARN_64_TO_32_BIT_CONVERSION = YES;
				GCC_WARN_ABOUT_RETURN_TYPE = YES_ERROR;
				GCC_WARN_UNDECLARED_SELECTOR = YES;
				GCC_WARN_UNINITIALIZED_AUTOS = YES_AGGRESSIVE;
				GCC_WARN_UNUSED_FUNCTION = YES;
				GCC_WARN_UNUSED_VARIABLE = YES;
				IPHONEOS_DEPLOYMENT_TARGET = 8.3;
				MTL_ENABLE_DEBUG_INFO = YES;
				ONLY_ACTIVE_ARCH = YES;
				SDKROOT = iphoneos;
			};
			name = Debug;
		};
		F081FA9E1BA4A8B9009BC3C4 /* Release */ = {
			isa = XCBuildConfiguration;
			buildSettings = {
				ALWAYS_SEARCH_USER_PATHS = NO;
				CLANG_CXX_LANGUAGE_STANDARD = "gnu++0x";
				CLANG_CXX_LIBRARY = "libc++";
				CLANG_ENABLE_MODULES = YES;
				CLANG_ENABLE_OBJC_ARC = YES;
				CLANG_WARN_BOOL_CONVERSION = YES;
				CLANG_WARN_CONSTANT_CONVERSION = YES;
				CLANG_WARN_DIRECT_OBJC_ISA_USAGE = YES_ERROR;
				CLANG_WARN_EMPTY_BODY = YES;
				CLANG_WARN_ENUM_CONVERSION = YES;
				CLANG_WARN_INT_CONVERSION = YES;
				CLANG_WARN_OBJC_ROOT_CLASS = YES_ERROR;
				CLANG_WARN_UNREACHABLE_CODE = YES;
				CLANG_WARN__DUPLICATE_METHOD_MATCH = YES;
				"CODE_SIGN_IDENTITY[sdk=iphoneos*]" = "iPhone Developer";
				COPY_PHASE_STRIP = NO;
				DEBUG_INFORMATION_FORMAT = "dwarf-with-dsym";
				ENABLE_NS_ASSERTIONS = NO;
				ENABLE_STRICT_OBJC_MSGSEND = YES;
				GCC_C_LANGUAGE_STANDARD = gnu99;
				GCC_NO_COMMON_BLOCKS = YES;
				GCC_WARN_64_TO_32_BIT_CONVERSION = YES;
				GCC_WARN_ABOUT_RETURN_TYPE = YES_ERROR;
				GCC_WARN_UNDECLARED_SELECTOR = YES;
				GCC_WARN_UNINITIALIZED_AUTOS = YES_AGGRESSIVE;
				GCC_WARN_UNUSED_FUNCTION = YES;
				GCC_WARN_UNUSED_VARIABLE = YES;
				IPHONEOS_DEPLOYMENT_TARGET = 8.3;
				MTL_ENABLE_DEBUG_INFO = NO;
				SDKROOT = iphoneos;
				VALIDATE_PRODUCT = YES;
			};
			name = Release;
		};
		F081FAA01BA4A8B9009BC3C4 /* Debug */ = {
			isa = XCBuildConfiguration;
			buildSettings = {
				ASSETCATALOG_COMPILER_APPICON_NAME = AppIcon;
				INFOPLIST_FILE = Example/Info.plist;
				LD_RUNPATH_SEARCH_PATHS = "$(inherited) @executable_path/Frameworks";
				PRODUCT_NAME = "$(TARGET_NAME)";
			};
			name = Debug;
		};
		F081FAA11BA4A8B9009BC3C4 /* Release */ = {
			isa = XCBuildConfiguration;
			buildSettings = {
				ASSETCATALOG_COMPILER_APPICON_NAME = AppIcon;
				INFOPLIST_FILE = Example/Info.plist;
				LD_RUNPATH_SEARCH_PATHS = "$(inherited) @executable_path/Frameworks";
				PRODUCT_NAME = "$(TARGET_NAME)";
			};
			name = Release;
		};
		F081FAA31BA4A8B9009BC3C4 /* Debug */ = {
			isa = XCBuildConfiguration;
			buildSettings = {
				BUNDLE_LOADER = "$(TEST_HOST)";
				FRAMEWORK_SEARCH_PATHS = (
					"$(SDKROOT)/Developer/Library/Frameworks",
					"$(inherited)",
				);
				GCC_PREPROCESSOR_DEFINITIONS = (
					"DEBUG=1",
					"$(inherited)",
				);
				INFOPLIST_FILE = ExampleTests/Info.plist;
				LD_RUNPATH_SEARCH_PATHS = "$(inherited) @executable_path/Frameworks @loader_path/Frameworks";
				PRODUCT_NAME = "$(TARGET_NAME)";
				TEST_HOST = "$(BUILT_PRODUCTS_DIR)/Example.app/Example";
			};
			name = Debug;
		};
		F081FAA41BA4A8B9009BC3C4 /* Release */ = {
			isa = XCBuildConfiguration;
			buildSettings = {
				BUNDLE_LOADER = "$(TEST_HOST)";
				FRAMEWORK_SEARCH_PATHS = (
					"$(SDKROOT)/Developer/Library/Frameworks",
					"$(inherited)",
				);
				INFOPLIST_FILE = ExampleTests/Info.plist;
				LD_RUNPATH_SEARCH_PATHS = "$(inherited) @executable_path/Frameworks @loader_path/Frameworks";
				PRODUCT_NAME = "$(TARGET_NAME)";
				TEST_HOST = "$(BUILT_PRODUCTS_DIR)/Example.app/Example";
			};
			name = Release;
		};
/* End XCBuildConfiguration section */

/* Begin XCConfigurationList section */
		F081FA771BA4A8B9009BC3C4 /* Build configuration list for PBXProject "Example" */ = {
			isa = XCConfigurationList;
			buildConfigurations = (
				F081FA9D1BA4A8B9009BC3C4 /* Debug */,
				F081FA9E1BA4A8B9009BC3C4 /* Release */,
			);
			defaultConfigurationIsVisible = 0;
			defaultConfigurationName = Release;
		};
		F081FA9F1BA4A8B9009BC3C4 /* Build configuration list for PBXNativeTarget "Example" */ = {
			isa = XCConfigurationList;
			buildConfigurations = (
				F081FAA01BA4A8B9009BC3C4 /* Debug */,
				F081FAA11BA4A8B9009BC3C4 /* Release */,
			);
			defaultConfigurationIsVisible = 0;
		};
		F081FAA21BA4A8B9009BC3C4 /* Build configuration list for PBXNativeTarget "ExampleTests" */ = {
			isa = XCConfigurationList;
			buildConfigurations = (
				F081FAA31BA4A8B9009BC3C4 /* Debug */,
				F081FAA41BA4A8B9009BC3C4 /* Release */,
			);
			defaultConfigurationIsVisible = 0;
		};
/* End XCConfigurationList section */
	};
	rootObject = F081FA741BA4A8B9009BC3C4 /* Project object */;
}
